
Microsoft Visual Studio Solution File, Format Version 12.00
# Visual Studio Version 16
VisualStudioVersion = 16.0.30523.141
MinimumVisualStudioVersion = 10.0.40219.1
Project("{FAE04EC0-301F-11D3-BF4B-00C04F79EFBC}") = "WebApplication1", "WebApplication1.csproj", "{B71C958D-2F93-42B7-AE78-899ADC5687E8}"
EndProject
Global
	GlobalSection(SolutionConfigurationPlatforms) = preSolution
		Debug|Any CPU = Debug|Any CPU
		Release|Any CPU = Release|Any CPU
	EndGlobalSection
	GlobalSection(ProjectConfigurationPlatforms) = postSolution
		{B71C958D-2F93-42B7-AE78-899ADC5687E8}.Debug|Any CPU.ActiveCfg = Debug|Any CPU
		{B71C958D-2F93-42B7-AE78-899ADC5687E8}.Debug|Any CPU.Build.0 = Debug|Any CPU
		{B71C958D-2F93-42B7-AE78-899ADC5687E8}.Release|Any CPU.ActiveCfg = Release|Any CPU
		{B71C958D-2F93-42B7-AE78-899ADC5687E8}.Release|Any CPU.Build.0 = Release|Any CPU
	EndGlobalSection
	GlobalSection(SolutionProperties) = preSolution
		HideSolutionNode = FALSE
	EndGlobalSection
	GlobalSection(ExtensibilityGlobals) = postSolution
		SolutionGuid = {FFFE9560-FAF5-4809-8620-146D8647F732}
	EndGlobalSection
EndGlobal
